
Microsoft Visual Studio Solution File, Format Version 12.00
# Visual Studio Version 16
VisualStudioVersion = 16.0.29709.97
MinimumVisualStudioVersion = 10.0.40219.1
Project("{FAE04EC0-301F-11D3-BF4B-00C04F79EFBC}") = "metanit1", "metanit1.csproj", "{079C2D1F-E473-4489-8BEE-4692F8E1E905}"
EndProject
Global
	GlobalSection(SolutionConfigurationPlatforms) = preSolution
		Debug|Any CPU = Debug|Any CPU
		Release|Any CPU = Release|Any CPU
	EndGlobalSection
	GlobalSection(ProjectConfigurationPlatforms) = postSolution
		{079C2D1F-E473-4489-8BEE-4692F8E1E905}.Debug|Any CPU.ActiveCfg = Debug|Any CPU
		{079C2D1F-E473-4489-8BEE-4692F8E1E905}.Debug|Any CPU.Build.0 = Debug|Any CPU
		{079C2D1F-E473-4489-8BEE-4692F8E1E905}.Release|Any CPU.ActiveCfg = Release|Any CPU
		{079C2D1F-E473-4489-8BEE-4692F8E1E905}.Release|Any CPU.Build.0 = Release|Any CPU
	EndGlobalSection
	GlobalSection(SolutionProperties) = preSolution
		HideSolutionNode = FALSE
	EndGlobalSection
	GlobalSection(ExtensibilityGlobals) = postSolution
		SolutionGuid = {521D508B-CAA5-4110-B0E0-BDFDEB15E697}
	EndGlobalSection
EndGlobal
